
Microsoft Visual Studio Solution File, Format Version 12.00
# Visual Studio Version 17
VisualStudioVersion = 17.3.32819.101
MinimumVisualStudioVersion = 10.0.40219.1
Project("{FAE04EC0-301F-11D3-BF4B-00C04F79EFBC}") = "calculadora", "calculadora\calculadora.csproj", "{3E8207B2-EB23-4298-B347-911560B03E36}"
EndProject
Global
	GlobalSection(SolutionConfigurationPlatforms) = preSolution
		Debug|Any CPU = Debug|Any CPU
		Release|Any CPU = Release|Any CPU
	EndGlobalSection
	GlobalSection(ProjectConfigurationPlatforms) = postSolution
		{3E8207B2-EB23-4298-B347-911560B03E36}.Debug|Any CPU.ActiveCfg = Debug|Any CPU
		{3E8207B2-EB23-4298-B347-911560B03E36}.Debug|Any CPU.Build.0 = Debug|Any CPU
		{3E8207B2-EB23-4298-B347-911560B03E36}.Release|Any CPU.ActiveCfg = Release|Any CPU
		{3E8207B2-EB23-4298-B347-911560B03E36}.Release|Any CPU.Build.0 = Release|Any CPU
	EndGlobalSection
	GlobalSection(SolutionProperties) = preSolution
		HideSolutionNode = FALSE
	EndGlobalSection
	GlobalSection(ExtensibilityGlobals) = postSolution
		SolutionGuid = {43DD09FB-6BDE-49FE-8633-7EFEEEF24FC5}
	EndGlobalSection
EndGlobal
